
Microsoft Visual Studio Solution File, Format Version 12.00
# Visual Studio Version 17
VisualStudioVersion = 17.6.33801.468
MinimumVisualStudioVersion = 10.0.40219.1
Project("{FAE04EC0-301F-11D3-BF4B-00C04F79EFBC}") = "RazorPagesMovie", "RazorPagesMovie\RazorPagesMovie.csproj", "{49CE285E-13E6-48A9-A0B8-E54CF4E7CBC0}"
EndProject
Global
	GlobalSection(SolutionConfigurationPlatforms) = preSolution
		Debug|Any CPU = Debug|Any CPU
		Release|Any CPU = Release|Any CPU
	EndGlobalSection
	GlobalSection(ProjectConfigurationPlatforms) = postSolution
		{49CE285E-13E6-48A9-A0B8-E54CF4E7CBC0}.Debug|Any CPU.ActiveCfg = Debug|Any CPU
		{49CE285E-13E6-48A9-A0B8-E54CF4E7CBC0}.Debug|Any CPU.Build.0 = Debug|Any CPU
		{49CE285E-13E6-48A9-A0B8-E54CF4E7CBC0}.Release|Any CPU.ActiveCfg = Release|Any CPU
		{49CE285E-13E6-48A9-A0B8-E54CF4E7CBC0}.Release|Any CPU.Build.0 = Release|Any CPU
	EndGlobalSection
	GlobalSection(SolutionProperties) = preSolution
		HideSolutionNode = FALSE
	EndGlobalSection
	GlobalSection(ExtensibilityGlobals) = postSolution
		SolutionGuid = {C37D1CEC-03F5-4686-B8CD-602512A169F5}
	EndGlobalSection
EndGlobal
